
Microsoft Visual Studio Solution File, Format Version 12.00
# Visual Studio Version 16
VisualStudioVersion = 16.0.31729.503
MinimumVisualStudioVersion = 10.0.40219.1
Project("{FAE04EC0-301F-11D3-BF4B-00C04F79EFBC}") = "Longest Common Prefix", "Longest Common Prefix\Longest Common Prefix.csproj", "{469C6B9C-F643-4DC0-8BC0-A4683BF1779A}"
EndProject
Global
	GlobalSection(SolutionConfigurationPlatforms) = preSolution
		Debug|Any CPU = Debug|Any CPU
		Release|Any CPU = Release|Any CPU
	EndGlobalSection
	GlobalSection(ProjectConfigurationPlatforms) = postSolution
		{469C6B9C-F643-4DC0-8BC0-A4683BF1779A}.Debug|Any CPU.ActiveCfg = Debug|Any CPU
		{469C6B9C-F643-4DC0-8BC0-A4683BF1779A}.Debug|Any CPU.Build.0 = Debug|Any CPU
		{469C6B9C-F643-4DC0-8BC0-A4683BF1779A}.Release|Any CPU.ActiveCfg = Release|Any CPU
		{469C6B9C-F643-4DC0-8BC0-A4683BF1779A}.Release|Any CPU.Build.0 = Release|Any CPU
	EndGlobalSection
	GlobalSection(SolutionProperties) = preSolution
		HideSolutionNode = FALSE
	EndGlobalSection
	GlobalSection(ExtensibilityGlobals) = postSolution
		SolutionGuid = {886A3060-BE36-4ED5-8728-DA7D254447EA}
	EndGlobalSection
EndGlobal
